// !$*UTF8*$!
{
	archiveVersion = 1;
	classes = {
	};
	objectVersion = 45;
	objects = {

/* Begin PBXBuildFile section */
		1DDD58160DA1D0A300B32029 /* MainMenu.xib in Resources */ = {isa = PBXBuildFile; fileRef = 1DDD58140DA1D0A300B32029 /* MainMenu.xib */; };
		256AC3DA0F4B6AC300CF3369 /* StatusItemAppDelegate.m in Sources */ = {isa = PBXBuildFile; fileRef = 256AC3D90F4B6AC300CF3369 /* StatusItemAppDelegate.m */; };
		8D11072B0486CEB800E47090 /* InfoPlist.strings in Resources */ = {isa = PBXBuildFile; fileRef = 089C165CFE840E0CC02AAC07 /* InfoPlist.strings */; };
		8D11072D0486CEB800E47090 /* main.m in Sources */ = {isa = PBXBuildFile; fileRef = 29B97316FDCFA39411CA2CEA /* main.m */; settings = {ATTRIBUTES = (); }; };
		8D11072F0486CEB800E47090 /* Cocoa.framework in Frameworks */ = {isa = PBXBuildFile; fileRef = 1058C7A1FEA54F0111CA2CBB /* Cocoa.framework */; };
		AFB0BF31135ACD09009E9BFF /* PaddedTextFieldCell.m in Sources */ = {isa = PBXBuildFile; fileRef = AFB0BF30135ACD09009E9BFF /* PaddedTextFieldCell.m */; };
		AFB0C1CF135B4D3F009E9BFF /* JGMenuItem.m in Sources */ = {isa = PBXBuildFile; fileRef = AFB0C1CE135B4D3F009E9BFF /* JGMenuItem.m */; };
		AFC6E46E135786800022B65F /* DetectingTableView.m in Sources */ = {isa = PBXBuildFile; fileRef = AFC6E46D135786800022B65F /* DetectingTableView.m */; };
		AFE5C647135A018000081B00 /* CustomStatusItemView.m in Sources */ = {isa = PBXBuildFile; fileRef = AFE5C644135A018000081B00 /* CustomStatusItemView.m */; };
		AFE5C648135A018000081B00 /* FullMenuView.m in Sources */ = {isa = PBXBuildFile; fileRef = AFE5C646135A018000081B00 /* FullMenuView.m */; };
		AFE5C655135A01B500081B00 /* BorderlessWindow.m in Sources */ = {isa = PBXBuildFile; fileRef = AFE5C64D135A01B500081B00 /* BorderlessWindow.m */; };
		AFE5C656135A01B500081B00 /* JGMenuWindow.xib in Resources */ = {isa = PBXBuildFile; fileRef = AFE5C64E135A01B500081B00 /* JGMenuWindow.xib */; };
		AFE5C657135A01B500081B00 /* JGMenuWindowController.m in Sources */ = {isa = PBXBuildFile; fileRef = AFE5C650135A01B500081B00 /* JGMenuWindowController.m */; };
		AFE5C658135A01B500081B00 /* NSBezierPath+PXRoundedRectangleAdditions.m in Sources */ = {isa = PBXBuildFile; fileRef = AFE5C652135A01B500081B00 /* NSBezierPath+PXRoundedRectangleAdditions.m */; };
		AFE5C659135A01B500081B00 /* RoundWindowFrameView.m in Sources */ = {isa = PBXBuildFile; fileRef = AFE5C654135A01B500081B00 /* RoundWindowFrameView.m */; };
/* End PBXBuildFile section */

/* Begin PBXFileReference section */
		089C165DFE840E0CC02AAC07 /* English */ = {isa = PBXFileReference; fileEncoding = 4; lastKnownFileType = text.plist.strings; name = English; path = English.lproj/InfoPlist.strings; sourceTree = "<group>"; };
		1058C7A1FEA54F0111CA2CBB /* Cocoa.framework */ = {isa = PBXFileReference; lastKnownFileType = wrapper.framework; name = Cocoa.framework; path = /System/Library/Frameworks/Cocoa.framework; sourceTree = "<absolute>"; };
		13E42FB307B3F0F600E4EEF1 /* CoreData.framework */ = {isa = PBXFileReference; lastKnownFileType = wrapper.framework; name = CoreData.framework; path = /System/Library/Frameworks/CoreData.framework; sourceTree = "<absolute>"; };
		1DDD58150DA1D0A300B32029 /* English */ = {isa = PBXFileReference; lastKnownFileType = file.xib; name = English; path = English.lproj/MainMenu.xib; sourceTree = "<group>"; };
		256AC3D80F4B6AC300CF3369 /* StatusItemAppDelegate.h */ = {isa = PBXFileReference; fileEncoding = 4; lastKnownFileType = sourcecode.c.h; path = StatusItemAppDelegate.h; sourceTree = "<group>"; };
		256AC3D90F4B6AC300CF3369 /* StatusItemAppDelegate.m */ = {isa = PBXFileReference; fileEncoding = 4; lastKnownFileType = sourcecode.c.objc; path = StatusItemAppDelegate.m; sourceTree = "<group>"; };
		256AC3F00F4B6AF500CF3369 /* StatusItem_Prefix.pch */ = {isa = PBXFileReference; fileEncoding = 4; lastKnownFileType = sourcecode.c.h; path = StatusItem_Prefix.pch; sourceTree = "<group>"; };
		29B97316FDCFA39411CA2CEA /* main.m */ = {isa = PBXFileReference; fileEncoding = 4; lastKnownFileType = sourcecode.c.objc; path = main.m; sourceTree = "<group>"; };
		29B97324FDCFA39411CA2CEA /* AppKit.framework */ = {isa = PBXFileReference; lastKnownFileType = wrapper.framework; name = AppKit.framework; path = /System/Library/Frameworks/AppKit.framework; sourceTree = "<absolute>"; };
		29B97325FDCFA39411CA2CEA /* Foundation.framework */ = {isa = PBXFileReference; lastKnownFileType = wrapper.framework; name = Foundation.framework; path = /System/Library/Frameworks/Foundation.framework; sourceTree = "<absolute>"; };
		8D1107310486CEB800E47090 /* StatusItem-Info.plist */ = {isa = PBXFileReference; fileEncoding = 4; lastKnownFileType = text.plist.xml; path = "StatusItem-Info.plist"; sourceTree = "<group>"; };
		8D1107320486CEB800E47090 /* StatusItem.app */ = {isa = PBXFileReference; explicitFileType = wrapper.application; includeInIndex = 0; path = StatusItem.app; sourceTree = BUILT_PRODUCTS_DIR; };
		AFB0BF2F135ACD09009E9BFF /* PaddedTextFieldCell.h */ = {isa = PBXFileReference; fileEncoding = 4; lastKnownFileType = sourcecode.c.h; path = PaddedTextFieldCell.h; sourceTree = "<group>"; };
		AFB0BF30135ACD09009E9BFF /* PaddedTextFieldCell.m */ = {isa = PBXFileReference; fileEncoding = 4; lastKnownFileType = sourcecode.c.objc; path = PaddedTextFieldCell.m; sourceTree = "<group>"; };
		AFB0C1CD135B4D3F009E9BFF /* JGMenuItem.h */ = {isa = PBXFileReference; fileEncoding = 4; lastKnownFileType = sourcecode.c.h; path = JGMenuItem.h; sourceTree = "<group>"; };
		AFB0C1CE135B4D3F009E9BFF /* JGMenuItem.m */ = {isa = PBXFileReference; fileEncoding = 4; lastKnownFileType = sourcecode.c.objc; path = JGMenuItem.m; sourceTree = "<group>"; };
		AFC6E46C135786800022B65F /* DetectingTableView.h */ = {isa = PBXFileReference; fileEncoding = 4; lastKnownFileType = sourcecode.c.h; path = DetectingTableView.h; sourceTree = "<group>"; };
		AFC6E46D135786800022B65F /* DetectingTableView.m */ = {isa = PBXFileReference; fileEncoding = 4; lastKnownFileType = sourcecode.c.objc; path = DetectingTableView.m; sourceTree = "<group>"; };
		AFE5C643135A018000081B00 /* CustomStatusItemView.h */ = {isa = PBXFileReference; fileEncoding = 4; lastKnownFileType = sourcecode.c.h; path = CustomStatusItemView.h; sourceTree = "<group>"; };
		AFE5C644135A018000081B00 /* CustomStatusItemView.m */ = {isa = PBXFileReference; fileEncoding = 4; lastKnownFileType = sourcecode.c.objc; path = CustomStatusItemView.m; sourceTree = "<group>"; };
		AFE5C645135A018000081B00 /* FullMenuView.h */ = {isa = PBXFileReference; fileEncoding = 4; lastKnownFileType = sourcecode.c.h; path = FullMenuView.h; sourceTree = "<group>"; };
		AFE5C646135A018000081B00 /* FullMenuView.m */ = {isa = PBXFileReference; fileEncoding = 4; lastKnownFileType = sourcecode.c.objc; path = FullMenuView.m; sourceTree = "<group>"; };
		AFE5C64C135A01B500081B00 /* BorderlessWindow.h */ = {isa = PBXFileReference; fileEncoding = 4; lastKnownFileType = sourcecode.c.h; path = BorderlessWindow.h; sourceTree = "<group>"; };
		AFE5C64D135A01B500081B00 /* BorderlessWindow.m */ = {isa = PBXFileReference; fileEncoding = 4; lastKnownFileType = sourcecode.c.objc; path = BorderlessWindow.m; sourceTree = "<group>"; };
		AFE5C64E135A01B500081B00 /* JGMenuWindow.xib */ = {isa = PBXFileReference; lastKnownFileType = file.xib; path = JGMenuWindow.xib; sourceTree = "<group>"; };
		AFE5C64F135A01B500081B00 /* JGMenuWindowController.h */ = {isa = PBXFileReference; fileEncoding = 4; lastKnownFileType = sourcecode.c.h; path = JGMenuWindowController.h; sourceTree = "<group>"; };
		AFE5C650135A01B500081B00 /* JGMenuWindowController.m */ = {isa = PBXFileReference; fileEncoding = 4; lastKnownFileType = sourcecode.c.objc; path = JGMenuWindowController.m; sourceTree = "<group>"; };
		AFE5C651135A01B500081B00 /* NSBezierPath+PXRoundedRectangleAdditions.h */ = {isa = PBXFileReference; fileEncoding = 4; lastKnownFileType = sourcecode.c.h; path = "NSBezierPath+PXRoundedRectangleAdditions.h"; sourceTree = "<group>"; };
		AFE5C652135A01B500081B00 /* NSBezierPath+PXRoundedRectangleAdditions.m */ = {isa = PBXFileReference; fileEncoding = 4; lastKnownFileType = sourcecode.c.objc; path = "NSBezierPath+PXRoundedRectangleAdditions.m"; sourceTree = "<group>"; };
		AFE5C653135A01B500081B00 /* RoundWindowFrameView.h */ = {isa = PBXFileReference; fileEncoding = 4; lastKnownFileType = sourcecode.c.h; path = RoundWindowFrameView.h; sourceTree = "<group>"; };
		AFE5C654135A01B500081B00 /* RoundWindowFrameView.m */ = {isa = PBXFileReference; fileEncoding = 4; lastKnownFileType = sourcecode.c.objc; path = RoundWindowFrameView.m; sourceTree = "<group>"; };
/* End PBXFileReference section */

/* Begin PBXFrameworksBuildPhase section */
		8D11072E0486CEB800E47090 /* Frameworks */ = {
			isa = PBXFrameworksBuildPhase;
			buildActionMask = 2147483647;
			files = (
				8D11072F0486CEB800E47090 /* Cocoa.framework in Frameworks */,
			);
			runOnlyForDeploymentPostprocessing = 0;
		};
/* End PBXFrameworksBuildPhase section */

/* Begin PBXGroup section */
		080E96DDFE201D6D7F000001 /* Classes */ = {
			isa = PBXGroup;
			children = (
				AFE5C642135A018000081B00 /* Status View + Coloring */,
				AFE5C64B135A01B500081B00 /* Window */,
				AFB0BF2E135ACCF1009E9BFF /* Table View */,
				AFB0C1CD135B4D3F009E9BFF /* JGMenuItem.h */,
				AFB0C1CE135B4D3F009E9BFF /* JGMenuItem.m */,
				256AC3D80F4B6AC300CF3369 /* StatusItemAppDelegate.h */,
				256AC3D90F4B6AC300CF3369 /* StatusItemAppDelegate.m */,
			);
			name = Classes;
			sourceTree = "<group>";
		};
		1058C7A0FEA54F0111CA2CBB /* Linked Frameworks */ = {
			isa = PBXGroup;
			children = (
				1058C7A1FEA54F0111CA2CBB /* Cocoa.framework */,
			);
			name = "Linked Frameworks";
			sourceTree = "<group>";
		};
		1058C7A2FEA54F0111CA2CBB /* Other Frameworks */ = {
			isa = PBXGroup;
			children = (
				29B97324FDCFA39411CA2CEA /* AppKit.framework */,
				13E42FB307B3F0F600E4EEF1 /* CoreData.framework */,
				29B97325FDCFA39411CA2CEA /* Foundation.framework */,
			);
			name = "Other Frameworks";
			sourceTree = "<group>";
		};
		19C28FACFE9D520D11CA2CBB /* Products */ = {
			isa = PBXGroup;
			children = (
				8D1107320486CEB800E47090 /* StatusItem.app */,
			);
			name = Products;
			sourceTree = "<group>";
		};
		29B97314FDCFA39411CA2CEA /* StatusItem */ = {
			isa = PBXGroup;
			children = (
				080E96DDFE201D6D7F000001 /* Classes */,
				29B97315FDCFA39411CA2CEA /* Other Sources */,
				29B97317FDCFA39411CA2CEA /* Resources */,
				29B97323FDCFA39411CA2CEA /* Frameworks */,
				19C28FACFE9D520D11CA2CBB /* Products */,
			);
			name = StatusItem;
			sourceTree = "<group>";
		};
		29B97315FDCFA39411CA2CEA /* Other Sources */ = {
			isa = PBXGroup;
			children = (
				256AC3F00F4B6AF500CF3369 /* StatusItem_Prefix.pch */,
				29B97316FDCFA39411CA2CEA /* main.m */,
			);
			name = "Other Sources";
			sourceTree = "<group>";
		};
		29B97317FDCFA39411CA2CEA /* Resources */ = {
			isa = PBXGroup;
			children = (
				8D1107310486CEB800E47090 /* StatusItem-Info.plist */,
				089C165CFE840E0CC02AAC07 /* InfoPlist.strings */,
				1DDD58140DA1D0A300B32029 /* MainMenu.xib */,
			);
			name = Resources;
			sourceTree = "<group>";
		};
		29B97323FDCFA39411CA2CEA /* Frameworks */ = {
			isa = PBXGroup;
			children = (
				1058C7A0FEA54F0111CA2CBB /* Linked Frameworks */,
				1058C7A2FEA54F0111CA2CBB /* Other Frameworks */,
			);
			name = Frameworks;
			sourceTree = "<group>";
		};
		AFB0BF2E135ACCF1009E9BFF /* Table View */ = {
			isa = PBXGroup;
			children = (
				AFC6E46C135786800022B65F /* DetectingTableView.h */,
				AFC6E46D135786800022B65F /* DetectingTableView.m */,
				AFB0BF2F135ACD09009E9BFF /* PaddedTextFieldCell.h */,
				AFB0BF30135ACD09009E9BFF /* PaddedTextFieldCell.m */,
			);
			name = "Table View";
			sourceTree = "<group>";
		};
		AFE5C642135A018000081B00 /* Status View + Coloring */ = {
			isa = PBXGroup;
			children = (
				AFE5C643135A018000081B00 /* CustomStatusItemView.h */,
				AFE5C644135A018000081B00 /* CustomStatusItemView.m */,
				AFE5C645135A018000081B00 /* FullMenuView.h */,
				AFE5C646135A018000081B00 /* FullMenuView.m */,
			);
			path = "Status View + Coloring";
			sourceTree = "<group>";
		};
		AFE5C64B135A01B500081B00 /* Window */ = {
			isa = PBXGroup;
			children = (
				AFE5C64C135A01B500081B00 /* BorderlessWindow.h */,
				AFE5C64D135A01B500081B00 /* BorderlessWindow.m */,
				AFE5C64E135A01B500081B00 /* JGMenuWindow.xib */,
				AFE5C64F135A01B500081B00 /* JGMenuWindowController.h */,
				AFE5C650135A01B500081B00 /* JGMenuWindowController.m */,
				AFE5C651135A01B500081B00 /* NSBezierPath+PXRoundedRectangleAdditions.h */,
				AFE5C652135A01B500081B00 /* NSBezierPath+PXRoundedRectangleAdditions.m */,
				AFE5C653135A01B500081B00 /* RoundWindowFrameView.h */,
				AFE5C654135A01B500081B00 /* RoundWindowFrameView.m */,
			);
			path = Window;
			sourceTree = "<group>";
		};
/* End PBXGroup section */

/* Begin PBXNativeTarget section */
		8D1107260486CEB800E47090 /* StatusItem */ = {
			isa = PBXNativeTarget;
			buildConfigurationList = C01FCF4A08A954540054247B /* Build configuration list for PBXNativeTarget "StatusItem" */;
			buildPhases = (
				8D1107290486CEB800E47090 /* Resources */,
				8D11072C0486CEB800E47090 /* Sources */,
				8D11072E0486CEB800E47090 /* Frameworks */,
			);
			buildRules = (
			);
			dependencies = (
			);
			name = StatusItem;
			productInstallPath = "$(HOME)/Applications";
			productName = StatusItem;
			productReference = 8D1107320486CEB800E47090 /* StatusItem.app */;
			productType = "com.apple.product-type.application";
		};
/* End PBXNativeTarget section */

/* Begin PBXProject section */
		29B97313FDCFA39411CA2CEA /* Project object */ = {
			isa = PBXProject;
			buildConfigurationList = C01FCF4E08A954540054247B /* Build configuration list for PBXProject "StatusItem" */;
			compatibilityVersion = "Xcode 3.1";
			developmentRegion = English;
			hasScannedForEncodings = 1;
			knownRegions = (
				English,
				Japanese,
				French,
				German,
			);
			mainGroup = 29B97314FDCFA39411CA2CEA /* StatusItem */;
			projectDirPath = "";
			projectRoot = "";
			targets = (
				8D1107260486CEB800E47090 /* StatusItem */,
			);
		};
/* End PBXProject section */

/* Begin PBXResourcesBuildPhase section */
		8D1107290486CEB800E47090 /* Resources */ = {
			isa = PBXResourcesBuildPhase;
			buildActionMask = 2147483647;
			files = (
				8D11072B0486CEB800E47090 /* InfoPlist.strings in Resources */,
				1DDD58160DA1D0A300B32029 /* MainMenu.xib in Resources */,
				AFE5C656135A01B500081B00 /* JGMenuWindow.xib in Resources */,
			);
			runOnlyForDeploymentPostprocessing = 0;
		};
/* End PBXResourcesBuildPhase section */

/* Begin PBXSourcesBuildPhase section */
		8D11072C0486CEB800E47090 /* Sources */ = {
			isa = PBXSourcesBuildPhase;
			buildActionMask = 2147483647;
			files = (
				8D11072D0486CEB800E47090 /* main.m in Sources */,
				256AC3DA0F4B6AC300CF3369 /* StatusItemAppDelegate.m in Sources */,
				AFC6E46E135786800022B65F /* DetectingTableView.m in Sources */,
				AFE5C647135A018000081B00 /* CustomStatusItemView.m in Sources */,
				AFE5C648135A018000081B00 /* FullMenuView.m in Sources */,
				AFE5C655135A01B500081B00 /* BorderlessWindow.m in Sources */,
				AFE5C657135A01B500081B00 /* JGMenuWindowController.m in Sources */,
				AFE5C658135A01B500081B00 /* NSBezierPath+PXRoundedRectangleAdditions.m in Sources */,
				AFE5C659135A01B500081B00 /* RoundWindowFrameView.m in Sources */,
				AFB0BF31135ACD09009E9BFF /* PaddedTextFieldCell.m in Sources */,
				AFB0C1CF135B4D3F009E9BFF /* JGMenuItem.m in Sources */,
			);
			runOnlyForDeploymentPostprocessing = 0;
		};
/* End PBXSourcesBuildPhase section */

/* Begin PBXVariantGroup section */
		089C165CFE840E0CC02AAC07 /* InfoPlist.strings */ = {
			isa = PBXVariantGroup;
			children = (
				089C165DFE840E0CC02AAC07 /* English */,
			);
			name = InfoPlist.strings;
			sourceTree = "<group>";
		};
		1DDD58140DA1D0A300B32029 /* MainMenu.xib */ = {
			isa = PBXVariantGroup;
			children = (
				1DDD58150DA1D0A300B32029 /* English */,
			);
			name = MainMenu.xib;
			sourceTree = "<group>";
		};
/* End PBXVariantGroup section */

/* Begin XCBuildConfiguration section */
		C01FCF4B08A954540054247B /* Debug */ = {
			isa = XCBuildConfiguration;
			buildSettings = {
				ALWAYS_SEARCH_USER_PATHS = NO;
				COPY_PHASE_STRIP = NO;
				GCC_DYNAMIC_NO_PIC = NO;
				GCC_ENABLE_FIX_AND_CONTINUE = YES;
				GCC_MODEL_TUNING = G5;
				GCC_OPTIMIZATION_LEVEL = 0;
				GCC_PRECOMPILE_PREFIX_HEADER = YES;
				GCC_PREFIX_HEADER = StatusItem_Prefix.pch;
				INFOPLIST_FILE = "StatusItem-Info.plist";
				INSTALL_PATH = "$(HOME)/Applications";
				PRODUCT_NAME = StatusItem;
			};
			name = Debug;
		};
		C01FCF4C08A954540054247B /* Release */ = {
			isa = XCBuildConfiguration;
			buildSettings = {
				ALWAYS_SEARCH_USER_PATHS = NO;
				DEBUG_INFORMATION_FORMAT = "dwarf-with-dsym";
				GCC_MODEL_TUNING = G5;
				GCC_PRECOMPILE_PREFIX_HEADER = YES;
				GCC_PREFIX_HEADER = StatusItem_Prefix.pch;
				INFOPLIST_FILE = "StatusItem-Info.plist";
				INSTALL_PATH = "$(HOME)/Applications";
				PRODUCT_NAME = StatusItem;
			};
			name = Release;
		};
		C01FCF4F08A954540054247B /* Debug */ = {
			isa = XCBuildConfiguration;
			buildSettings = {
				ARCHS = "$(ARCHS_STANDARD_32_64_BIT)";
				GCC_C_LANGUAGE_STANDARD = gnu99;
				GCC_OPTIMIZATION_LEVEL = 0;
				GCC_WARN_ABOUT_RETURN_TYPE = YES;
				GCC_WARN_UNUSED_VARIABLE = YES;
				ONLY_ACTIVE_ARCH = YES;
				PREBINDING = NO;
				SDKROOT = macosx10.6;
			};
			name = Debug;
		};
		C01FCF5008A954540054247B /* Release */ = {
			isa = XCBuildConfiguration;
			buildSettings = {
				ARCHS = "$(ARCHS_STANDARD_32_64_BIT)";
				GCC_C_LANGUAGE_STANDARD = gnu99;
				GCC_WARN_ABOUT_RETURN_TYPE = YES;
				GCC_WARN_UNUSED_VARIABLE = YES;
				PREBINDING = NO;
				SDKROOT = macosx10.6;
			};
			name = Release;
		};
/* End XCBuildConfiguration section */

/* Begin XCConfigurationList section */
		C01FCF4A08A954540054247B /* Build configuration list for PBXNativeTarget "StatusItem" */ = {
			isa = XCConfigurationList;
			buildConfigurations = (
				C01FCF4B08A954540054247B /* Debug */,
				C01FCF4C08A954540054247B /* Release */,
			);
			defaultConfigurationIsVisible = 0;
			defaultConfigurationName = Release;
		};
		C01FCF4E08A954540054247B /* Build configuration list for PBXProject "StatusItem" */ = {
			isa = XCConfigurationList;
			buildConfigurations = (
				C01FCF4F08A954540054247B /* Debug */,
				C01FCF5008A954540054247B /* Release */,
			);
			defaultConfigurationIsVisible = 0;
			defaultConfigurationName = Release;
		};
/* End XCConfigurationList section */
	};
	rootObject = 29B97313FDCFA39411CA2CEA /* Project object */;
}
